// !$*UTF8*$!
{
	archiveVersion = 1;
	classes = {
	};
	objectVersion = 50;
	objects = {

/* Begin PBXBuildFile section */
		DF0A8E9B21E3F89A00FFFD6E /* CategoryViewController.swift in Sources */ = {isa = PBXBuildFile; fileRef = DF0A8E9A21E3F89A00FFFD6E /* CategoryViewController.swift */; };
		DF900A5221C44303002CA2FF /* DataModel.xcdatamodeld in Sources */ = {isa = PBXBuildFile; fileRef = DF900A5021C44303002CA2FF /* DataModel.xcdatamodeld */; };
		DFC450BE21B1CF97006EB0B9 /* AppDelegate.swift in Sources */ = {isa = PBXBuildFile; fileRef = DFC450BD21B1CF97006EB0B9 /* AppDelegate.swift */; };
		DFC450C021B1CF97006EB0B9 /* TodoListViewController.swift in Sources */ = {isa = PBXBuildFile; fileRef = DFC450BF21B1CF97006EB0B9 /* TodoListViewController.swift */; };
		DFC450C321B1CF97006EB0B9 /* Main.storyboard in Resources */ = {isa = PBXBuildFile; fileRef = DFC450C121B1CF97006EB0B9 /* Main.storyboard */; };
		DFC450C521B1CF97006EB0B9 /* Assets.xcassets in Resources */ = {isa = PBXBuildFile; fileRef = DFC450C421B1CF97006EB0B9 /* Assets.xcassets */; };
		DFC450C821B1CF97006EB0B9 /* LaunchScreen.storyboard in Resources */ = {isa = PBXBuildFile; fileRef = DFC450C621B1CF97006EB0B9 /* LaunchScreen.storyboard */; };
/* End PBXBuildFile section */

/* Begin PBXFileReference section */
		DF0A8E9A21E3F89A00FFFD6E /* CategoryViewController.swift */ = {isa = PBXFileReference; lastKnownFileType = sourcecode.swift; path = CategoryViewController.swift; sourceTree = "<group>"; };
		DF900A5121C44303002CA2FF /* DataModel.xcdatamodel */ = {isa = PBXFileReference; lastKnownFileType = wrapper.xcdatamodel; path = DataModel.xcdatamodel; sourceTree = "<group>"; };
		DFC450BA21B1CF97006EB0B9 /* Todoey.app */ = {isa = PBXFileReference; explicitFileType = wrapper.application; includeInIndex = 0; path = Todoey.app; sourceTree = BUILT_PRODUCTS_DIR; };
		DFC450BD21B1CF97006EB0B9 /* AppDelegate.swift */ = {isa = PBXFileReference; lastKnownFileType = sourcecode.swift; path = AppDelegate.swift; sourceTree = "<group>"; };
		DFC450BF21B1CF97006EB0B9 /* TodoListViewController.swift */ = {isa = PBXFileReference; lastKnownFileType = sourcecode.swift; path = TodoListViewController.swift; sourceTree = "<group>"; };
		DFC450C221B1CF97006EB0B9 /* Base */ = {isa = PBXFileReference; lastKnownFileType = file.storyboard; name = Base; path = Base.lproj/Main.storyboard; sourceTree = "<group>"; };
		DFC450C421B1CF97006EB0B9 /* Assets.xcassets */ = {isa = PBXFileReference; lastKnownFileType = folder.assetcatalog; path = Assets.xcassets; sourceTree = "<group>"; };
		DFC450C721B1CF97006EB0B9 /* Base */ = {isa = PBXFileReference; lastKnownFileType = file.storyboard; name = Base; path = Base.lproj/LaunchScreen.storyboard; sourceTree = "<group>"; };
		DFC450C921B1CF97006EB0B9 /* Info.plist */ = {isa = PBXFileReference; lastKnownFileType = text.plist.xml; path = Info.plist; sourceTree = "<group>"; };
/* End PBXFileReference section */

/* Begin PBXFrameworksBuildPhase section */
		DFC450B721B1CF97006EB0B9 /* Frameworks */ = {
			isa = PBXFrameworksBuildPhase;
			buildActionMask = 2147483647;
			files = (
			);
			runOnlyForDeploymentPostprocessing = 0;
		};
/* End PBXFrameworksBuildPhase section */

/* Begin PBXGroup section */
		DF02002E21BF1A2600FDD1BD /* Data Model */ = {
			isa = PBXGroup;
			children = (
				DF900A5021C44303002CA2FF /* DataModel.xcdatamodeld */,
			);
			path = "Data Model";
			sourceTree = "<group>";
		};
		DF02002F21BF1A5500FDD1BD /* Controllers */ = {
			isa = PBXGroup;
			children = (
				DF0A8E9A21E3F89A00FFFD6E /* CategoryViewController.swift */,
				DFC450BF21B1CF97006EB0B9 /* TodoListViewController.swift */,
			);
			path = Controllers;
			sourceTree = "<group>";
		};
		DF02003021BF1A6100FDD1BD /* Views */ = {
			isa = PBXGroup;
			children = (
				DFC450C121B1CF97006EB0B9 /* Main.storyboard */,
			);
			path = Views;
			sourceTree = "<group>";
		};
		DF02003121BF1A7800FDD1BD /* Supporting Files */ = {
			isa = PBXGroup;
			children = (
				DFC450C421B1CF97006EB0B9 /* Assets.xcassets */,
			);
			path = "Supporting Files";
			sourceTree = "<group>";
		};
		DFC450B121B1CF97006EB0B9 = {
			isa = PBXGroup;
			children = (
				DFC450BC21B1CF97006EB0B9 /* Todoey */,
				DFC450BB21B1CF97006EB0B9 /* Products */,
			);
			sourceTree = "<group>";
		};
		DFC450BB21B1CF97006EB0B9 /* Products */ = {
			isa = PBXGroup;
			children = (
				DFC450BA21B1CF97006EB0B9 /* Todoey.app */,
			);
			name = Products;
			sourceTree = "<group>";
		};
		DFC450BC21B1CF97006EB0B9 /* Todoey */ = {
			isa = PBXGroup;
			children = (
				DFC450BD21B1CF97006EB0B9 /* AppDelegate.swift */,
				DF02002F21BF1A5500FDD1BD /* Controllers */,
				DF02002E21BF1A2600FDD1BD /* Data Model */,
				DF02003021BF1A6100FDD1BD /* Views */,
				DF02003121BF1A7800FDD1BD /* Supporting Files */,
				DFC450C621B1CF97006EB0B9 /* LaunchScreen.storyboard */,
				DFC450C921B1CF97006EB0B9 /* Info.plist */,
			);
			path = Todoey;
			sourceTree = "<group>";
		};
/* End PBXGroup section */

/* Begin PBXNativeTarget section */
		DFC450B921B1CF97006EB0B9 /* Todoey */ = {
			isa = PBXNativeTarget;
			buildConfigurationList = DFC450CC21B1CF97006EB0B9 /* Build configuration list for PBXNativeTarget "Todoey" */;
			buildPhases = (
				DFC450B621B1CF97006EB0B9 /* Sources */,
				DFC450B721B1CF97006EB0B9 /* Frameworks */,
				DFC450B821B1CF97006EB0B9 /* Resources */,
			);
			buildRules = (
			);
			dependencies = (
			);
			name = Todoey;
			productName = Todoey;
			productReference = DFC450BA21B1CF97006EB0B9 /* Todoey.app */;
			productType = "com.apple.product-type.application";
		};
/* End PBXNativeTarget section */

/* Begin PBXProject section */
		DFC450B221B1CF97006EB0B9 /* Project object */ = {
			isa = PBXProject;
			attributes = {
				LastSwiftUpdateCheck = 1000;
				LastUpgradeCheck = 1000;
				ORGANIZATIONNAME = "Mathew Cheung";
				TargetAttributes = {
					DFC450B921B1CF97006EB0B9 = {
						CreatedOnToolsVersion = 10.0;
					};
				};
			};
			buildConfigurationList = DFC450B521B1CF97006EB0B9 /* Build configuration list for PBXProject "Todoey" */;
			compatibilityVersion = "Xcode 9.3";
			developmentRegion = en;
			hasScannedForEncodings = 0;
			knownRegions = (
				en,
				Base,
			);
			mainGroup = DFC450B121B1CF97006EB0B9;
			productRefGroup = DFC450BB21B1CF97006EB0B9 /* Products */;
			projectDirPath = "";
			projectRoot = "";
			targets = (
				DFC450B921B1CF97006EB0B9 /* Todoey */,
			);
		};
/* End PBXProject section */

/* Begin PBXResourcesBuildPhase section */
		DFC450B821B1CF97006EB0B9 /* Resources */ = {
			isa = PBXResourcesBuildPhase;
			buildActionMask = 2147483647;
			files = (
				DFC450C821B1CF97006EB0B9 /* LaunchScreen.storyboard in Resources */,
				DFC450C521B1CF97006EB0B9 /* Assets.xcassets in Resources */,
				DFC450C321B1CF97006EB0B9 /* Main.storyboard in Resources */,
			);
			runOnlyForDeploymentPostprocessing = 0;
		};
/* End PBXResourcesBuildPhase section */

/* Begin PBXSourcesBuildPhase section */
		DFC450B621B1CF97006EB0B9 /* Sources */ = {
			isa = PBXSourcesBuildPhase;
			buildActionMask = 2147483647;
			files = (
				DF0A8E9B21E3F89A00FFFD6E /* CategoryViewController.swift in Sources */,
				DFC450C021B1CF97006EB0B9 /* TodoListViewController.swift in Sources */,
				DF900A5221C44303002CA2FF /* DataModel.xcdatamodeld in Sources */,
				DFC450BE21B1CF97006EB0B9 /* AppDelegate.swift in Sources */,
			);
			runOnlyForDeploymentPostprocessing = 0;
		};
/* End PBXSourcesBuildPhase section */

/* Begin PBXVariantGroup section */
		DFC450C121B1CF97006EB0B9 /* Main.storyboard */ = {
			isa = PBXVariantGroup;
			children = (
				DFC450C221B1CF97006EB0B9 /* Base */,
			);
			name = Main.storyboard;
			sourceTree = "<group>";
		};
		DFC450C621B1CF97006EB0B9 /* LaunchScreen.storyboard */ = {
			isa = PBXVariantGroup;
			children = (
				DFC450C721B1CF97006EB0B9 /* Base */,
			);
			name = LaunchScreen.storyboard;
			sourceTree = "<group>";
		};
/* End PBXVariantGroup section */

/* Begin XCBuildConfiguration section */
		DFC450CA21B1CF97006EB0B9 /* Debug */ = {
			isa = XCBuildConfiguration;
			buildSettings = {
				ALWAYS_SEARCH_USER_PATHS = NO;
				CLANG_ANALYZER_NONNULL = YES;
				CLANG_ANALYZER_NUMBER_OBJECT_CONVERSION = YES_AGGRESSIVE;
				CLANG_CXX_LANGUAGE_STANDARD = "gnu++14";
				CLANG_CXX_LIBRARY = "libc++";
				CLANG_ENABLE_MODULES = YES;
				CLANG_ENABLE_OBJC_ARC = YES;
				CLANG_ENABLE_OBJC_WEAK = YES;
				CLANG_WARN_BLOCK_CAPTURE_AUTORELEASING = YES;
				CLANG_WARN_BOOL_CONVERSION = YES;
				CLANG_WARN_COMMA = YES;
				CLANG_WARN_CONSTANT_CONVERSION = YES;
				CLANG_WARN_DEPRECATED_OBJC_IMPLEMENTATIONS = YES;
				CLANG_WARN_DIRECT_OBJC_ISA_USAGE = YES_ERROR;
				CLANG_WARN_DOCUMENTATION_COMMENTS = YES;
				CLANG_WARN_EMPTY_BODY = YES;
				CLANG_WARN_ENUM_CONVERSION = YES;
				CLANG_WARN_INFINITE_RECURSION = YES;
				CLANG_WARN_INT_CONVERSION = YES;
				CLANG_WARN_NON_LITERAL_NULL_CONVERSION = YES;
				CLANG_WARN_OBJC_IMPLICIT_RETAIN_SELF = YES;
				CLANG_WARN_OBJC_LITERAL_CONVERSION = YES;
				CLANG_WARN_OBJC_ROOT_CLASS = YES_ERROR;
				CLANG_WARN_RANGE_LOOP_ANALYSIS = YES;
				CLANG_WARN_STRICT_PROTOTYPES = YES;
				CLANG_WARN_SUSPICIOUS_MOVE = YES;
				CLANG_WARN_UNGUARDED_AVAILABILITY = YES_AGGRESSIVE;
				CLANG_WARN_UNREACHABLE_CODE = YES;
				CLANG_WARN__DUPLICATE_METHOD_MATCH = YES;
				CODE_SIGN_IDENTITY = "iPhone Developer";
				COPY_PHASE_STRIP = NO;
				DEBUG_INFORMATION_FORMAT = dwarf;
				ENABLE_STRICT_OBJC_MSGSEND = YES;
				ENABLE_TESTABILITY = YES;
				GCC_C_LANGUAGE_STANDARD = gnu11;
				GCC_DYNAMIC_NO_PIC = NO;
				GCC_NO_COMMON_BLOCKS = YES;
				GCC_OPTIMIZATION_LEVEL = 0;
				GCC_PREPROCESSOR_DEFINITIONS = (
					"DEBUG=1",
					"$(inherited)",
				);
				GCC_WARN_64_TO_32_BIT_CONVERSION = YES;
				GCC_WARN_ABOUT_RETURN_TYPE = YES_ERROR;
				GCC_WARN_UNDECLARED_SELECTOR = YES;
				GCC_WARN_UNINITIALIZED_AUTOS = YES_AGGRESSIVE;
				GCC_WARN_UNUSED_FUNCTION = YES;
				GCC_WARN_UNUSED_VARIABLE = YES;
				IPHONEOS_DEPLOYMENT_TARGET = 12.0;
				MTL_ENABLE_DEBUG_INFO = INCLUDE_SOURCE;
				MTL_FAST_MATH = YES;
				ONLY_ACTIVE_ARCH = YES;
				SDKROOT = iphoneos;
				SWIFT_ACTIVE_COMPILATION_CONDITIONS = DEBUG;
				SWIFT_OPTIMIZATION_LEVEL = "-Onone";
			};
			name = Debug;
		};
		DFC450CB21B1CF97006EB0B9 /* Release */ = {
			isa = XCBuildConfiguration;
			buildSettings = {
				ALWAYS_SEARCH_USER_PATHS = NO;
				CLANG_ANALYZER_NONNULL = YES;
				CLANG_ANALYZER_NUMBER_OBJECT_CONVERSION = YES_AGGRESSIVE;
				CLANG_CXX_LANGUAGE_STANDARD = "gnu++14";
				CLANG_CXX_LIBRARY = "libc++";
				CLANG_ENABLE_MODULES = YES;
				CLANG_ENABLE_OBJC_ARC = YES;
				CLANG_ENABLE_OBJC_WEAK = YES;
				CLANG_WARN_BLOCK_CAPTURE_AUTORELEASING = YES;
				CLANG_WARN_BOOL_CONVERSION = YES;
				CLANG_WARN_COMMA = YES;
				CLANG_WARN_CONSTANT_CONVERSION = YES;
				CLANG_WARN_DEPRECATED_OBJC_IMPLEMENTATIONS = YES;
				CLANG_WARN_DIRECT_OBJC_ISA_USAGE = YES_ERROR;
				CLANG_WARN_DOCUMENTATION_COMMENTS = YES;
				CLANG_WARN_EMPTY_BODY = YES;
				CLANG_WARN_ENUM_CONVERSION = YES;
				CLANG_WARN_INFINITE_RECURSION = YES;
				CLANG_WARN_INT_CONVERSION = YES;
				CLANG_WARN_NON_LITERAL_NULL_CONVERSION = YES;
				CLANG_WARN_OBJC_IMPLICIT_RETAIN_SELF = YES;
				CLANG_WARN_OBJC_LITERAL_CONVERSION = YES;
				CLANG_WARN_OBJC_ROOT_CLASS = YES_ERROR;
				CLANG_WARN_RANGE_LOOP_ANALYSIS = YES;
				CLANG_WARN_STRICT_PROTOTYPES = YES;
				CLANG_WARN_SUSPICIOUS_MOVE = YES;
				CLANG_WARN_UNGUARDED_AVAILABILITY = YES_AGGRESSIVE;
				CLANG_WARN_UNREACHABLE_CODE = YES;
				CLANG_WARN__DUPLICATE_METHOD_MATCH = YES;
				CODE_SIGN_IDENTITY = "iPhone Developer";
				COPY_PHASE_STRIP = NO;
				DEBUG_INFORMATION_FORMAT = "dwarf-with-dsym";
				ENABLE_NS_ASSERTIONS = NO;
				ENABLE_STRICT_OBJC_MSGSEND = YES;
				GCC_C_LANGUAGE_STANDARD = gnu11;
				GCC_NO_COMMON_BLOCKS = YES;
				GCC_WARN_64_TO_32_BIT_CONVERSION = YES;
				GCC_WARN_ABOUT_RETURN_TYPE = YES_ERROR;
				GCC_WARN_UNDECLARED_SELECTOR = YES;
				GCC_WARN_UNINITIALIZED_AUTOS = YES_AGGRESSIVE;
				GCC_WARN_UNUSED_FUNCTION = YES;
				GCC_WARN_UNUSED_VARIABLE = YES;
				IPHONEOS_DEPLOYMENT_TARGET = 12.0;
				MTL_ENABLE_DEBUG_INFO = NO;
				MTL_FAST_MATH = YES;
				SDKROOT = iphoneos;
				SWIFT_COMPILATION_MODE = wholemodule;
				SWIFT_OPTIMIZATION_LEVEL = "-O";
				VALIDATE_PRODUCT = YES;
			};
			name = Release;
		};
		DFC450CD21B1CF97006EB0B9 /* Debug */ = {
			isa = XCBuildConfiguration;
			buildSettings = {
				ASSETCATALOG_COMPILER_APPICON_NAME = AppIcon;
				CODE_SIGN_STYLE = Automatic;
				INFOPLIST_FILE = Todoey/Info.plist;
				LD_RUNPATH_SEARCH_PATHS = (
					"$(inherited)",
					"@executable_path/Frameworks",
				);
				PRODUCT_BUNDLE_IDENTIFIER = com.mathewcheung.Todoey;
				PRODUCT_NAME = "$(TARGET_NAME)";
				SWIFT_VERSION = 4.2;
				TARGETED_DEVICE_FAMILY = "1,2";
			};
			name = Debug;
		};
		DFC450CE21B1CF97006EB0B9 /* Release */ = {
			isa = XCBuildConfiguration;
			buildSettings = {
				ASSETCATALOG_COMPILER_APPICON_NAME = AppIcon;
				CODE_SIGN_STYLE = Automatic;
				INFOPLIST_FILE = Todoey/Info.plist;
				LD_RUNPATH_SEARCH_PATHS = (
					"$(inherited)",
					"@executable_path/Frameworks",
				);
				PRODUCT_BUNDLE_IDENTIFIER = com.mathewcheung.Todoey;
				PRODUCT_NAME = "$(TARGET_NAME)";
				SWIFT_VERSION = 4.2;
				TARGETED_DEVICE_FAMILY = "1,2";
			};
			name = Release;
		};
/* End XCBuildConfiguration section */

/* Begin XCConfigurationList section */
		DFC450B521B1CF97006EB0B9 /* Build configuration list for PBXProject "Todoey" */ = {
			isa = XCConfigurationList;
			buildConfigurations = (
				DFC450CA21B1CF97006EB0B9 /* Debug */,
				DFC450CB21B1CF97006EB0B9 /* Release */,
			);
			defaultConfigurationIsVisible = 0;
			defaultConfigurationName = Release;
		};
		DFC450CC21B1CF97006EB0B9 /* Build configuration list for PBXNativeTarget "Todoey" */ = {
			isa = XCConfigurationList;
			buildConfigurations = (
				DFC450CD21B1CF97006EB0B9 /* Debug */,
				DFC450CE21B1CF97006EB0B9 /* Release */,
			);
			defaultConfigurationIsVisible = 0;
			defaultConfigurationName = Release;
		};
/* End XCConfigurationList section */

/* Begin XCVersionGroup section */
		DF900A5021C44303002CA2FF /* DataModel.xcdatamodeld */ = {
			isa = XCVersionGroup;
			children = (
				DF900A5121C44303002CA2FF /* DataModel.xcdatamodel */,
			);
			currentVersion = DF900A5121C44303002CA2FF /* DataModel.xcdatamodel */;
			path = DataModel.xcdatamodeld;
			sourceTree = "<group>";
			versionGroupType = wrapper.xcdatamodel;
		};
/* End XCVersionGroup section */
	};
	rootObject = DFC450B221B1CF97006EB0B9 /* Project object */;
}
